// !$*UTF8*$!
{
	archiveVersion = 1;
	classes = {
	};
	objectVersion = 56;
	objects = {

/* Begin PBXBuildFile section */
		66289E252B36CDE3004A0F09 /* FavoriteButton.swift in Sources */ = {isa = PBXBuildFile; fileRef = 66289E242B36CDE3004A0F09 /* FavoriteButton.swift */; };
		66289E292B36FFF0004A0F09 /* HexagonParameters.swift in Sources */ = {isa = PBXBuildFile; fileRef = 66289E282B36FFF0004A0F09 /* HexagonParameters.swift */; };
		66289E2C2B37030F004A0F09 /* BadgeBackground.swift in Sources */ = {isa = PBXBuildFile; fileRef = 66289E2B2B37030F004A0F09 /* BadgeBackground.swift */; };
		66289E2E2B3711B5004A0F09 /* BadgeSymbol.swift in Sources */ = {isa = PBXBuildFile; fileRef = 66289E2D2B3711B5004A0F09 /* BadgeSymbol.swift */; };
		66289E302B3712CC004A0F09 /* RotatedBadgeSymbol.swift in Sources */ = {isa = PBXBuildFile; fileRef = 66289E2F2B3712CC004A0F09 /* RotatedBadgeSymbol.swift */; };
		66289E322B37133E004A0F09 /* Badge.swift in Sources */ = {isa = PBXBuildFile; fileRef = 66289E312B37133E004A0F09 /* Badge.swift */; };
		66289E342B371B42004A0F09 /* hikeData.json in Resources */ = {isa = PBXBuildFile; fileRef = 66289E332B371B42004A0F09 /* hikeData.json */; };
		66289E362B371B9B004A0F09 /* Hike.swift in Sources */ = {isa = PBXBuildFile; fileRef = 66289E352B371B9B004A0F09 /* Hike.swift */; };
		66289E3E2B371C67004A0F09 /* GraphCapsule.swift in Sources */ = {isa = PBXBuildFile; fileRef = 66289E3A2B371C67004A0F09 /* GraphCapsule.swift */; };
		66289E3F2B371C67004A0F09 /* HikeGraph.swift in Sources */ = {isa = PBXBuildFile; fileRef = 66289E3B2B371C67004A0F09 /* HikeGraph.swift */; };
		66289E402B371C67004A0F09 /* HikeDetail.swift in Sources */ = {isa = PBXBuildFile; fileRef = 66289E3C2B371C67004A0F09 /* HikeDetail.swift */; };
		66289E412B371C67004A0F09 /* HikeView.swift in Sources */ = {isa = PBXBuildFile; fileRef = 66289E3D2B371C67004A0F09 /* HikeView.swift */; };
		664EAABF2B34A0530011F6EF /* LandmarksApp.swift in Sources */ = {isa = PBXBuildFile; fileRef = 664EAABE2B34A0530011F6EF /* LandmarksApp.swift */; };
		664EAAC12B34A0530011F6EF /* ContentView.swift in Sources */ = {isa = PBXBuildFile; fileRef = 664EAAC02B34A0530011F6EF /* ContentView.swift */; };
		664EAAC32B34A0540011F6EF /* Assets.xcassets in Resources */ = {isa = PBXBuildFile; fileRef = 664EAAC22B34A0540011F6EF /* Assets.xcassets */; };
		664EAAC62B34A0540011F6EF /* Preview Assets.xcassets in Resources */ = {isa = PBXBuildFile; fileRef = 664EAAC52B34A0540011F6EF /* Preview Assets.xcassets */; };
		664EAACD2B34CCCE0011F6EF /* CurcleImage.swift in Sources */ = {isa = PBXBuildFile; fileRef = 664EAACC2B34CCCE0011F6EF /* CurcleImage.swift */; };
		664EAACF2B34D8080011F6EF /* MapView.swift in Sources */ = {isa = PBXBuildFile; fileRef = 664EAACE2B34D8080011F6EF /* MapView.swift */; };
		66A27D2B2B386A25008F98EA /* CategoryHome.swift in Sources */ = {isa = PBXBuildFile; fileRef = 66A27D2A2B386A25008F98EA /* CategoryHome.swift */; };
		66A27D2D2B386F54008F98EA /* CategoryRow.swift in Sources */ = {isa = PBXBuildFile; fileRef = 66A27D2C2B386F54008F98EA /* CategoryRow.swift */; };
		66A27D2F2B3871A5008F98EA /* CategoryItem.swift in Sources */ = {isa = PBXBuildFile; fileRef = 66A27D2E2B3871A5008F98EA /* CategoryItem.swift */; };
		66B65C382B356AE000B27D60 /* landmarkData.json in Resources */ = {isa = PBXBuildFile; fileRef = 66B65C372B356AE000B27D60 /* landmarkData.json */; };
		66B65C3A2B356B3400B27D60 /* Landmark.swift in Sources */ = {isa = PBXBuildFile; fileRef = 66B65C392B356B3400B27D60 /* Landmark.swift */; };
		66B65C3C2B35704600B27D60 /* ModelData.swift in Sources */ = {isa = PBXBuildFile; fileRef = 66B65C3B2B35704600B27D60 /* ModelData.swift */; };
		66B65C412B35893B00B27D60 /* LandmarkRow.swift in Sources */ = {isa = PBXBuildFile; fileRef = 66B65C402B35893B00B27D60 /* LandmarkRow.swift */; };
		66B65C442B35A71000B27D60 /* LandmarkList.swift in Sources */ = {isa = PBXBuildFile; fileRef = 66B65C432B35A71000B27D60 /* LandmarkList.swift */; };
		66B65C462B35F3B500B27D60 /* LandmarkDetail.swift in Sources */ = {isa = PBXBuildFile; fileRef = 66B65C452B35F3B500B27D60 /* LandmarkDetail.swift */; };
		66B65C492B35F85000B27D60 /* TextTitle.swift in Sources */ = {isa = PBXBuildFile; fileRef = 66B65C482B35F85000B27D60 /* TextTitle.swift */; };
		66B65C4B2B35F88800B27D60 /* TextSubtitle.swift in Sources */ = {isa = PBXBuildFile; fileRef = 66B65C4A2B35F88800B27D60 /* TextSubtitle.swift */; };
		66B65C4D2B35FE8900B27D60 /* TextTitleModel.swift in Sources */ = {isa = PBXBuildFile; fileRef = 66B65C4C2B35FE8900B27D60 /* TextTitleModel.swift */; };
		66B65C4F2B36007200B27D60 /* TextSubtitleModel.swift in Sources */ = {isa = PBXBuildFile; fileRef = 66B65C4E2B36007200B27D60 /* TextSubtitleModel.swift */; };
/* End PBXBuildFile section */

/* Begin PBXFileReference section */
		66289E242B36CDE3004A0F09 /* FavoriteButton.swift */ = {isa = PBXFileReference; lastKnownFileType = sourcecode.swift; path = FavoriteButton.swift; sourceTree = "<group>"; };
		66289E282B36FFF0004A0F09 /* HexagonParameters.swift */ = {isa = PBXFileReference; lastKnownFileType = sourcecode.swift; path = HexagonParameters.swift; sourceTree = "<group>"; };
		66289E2B2B37030F004A0F09 /* BadgeBackground.swift */ = {isa = PBXFileReference; lastKnownFileType = sourcecode.swift; path = BadgeBackground.swift; sourceTree = "<group>"; };
		66289E2D2B3711B5004A0F09 /* BadgeSymbol.swift */ = {isa = PBXFileReference; lastKnownFileType = sourcecode.swift; path = BadgeSymbol.swift; sourceTree = "<group>"; };
		66289E2F2B3712CC004A0F09 /* RotatedBadgeSymbol.swift */ = {isa = PBXFileReference; lastKnownFileType = sourcecode.swift; path = RotatedBadgeSymbol.swift; sourceTree = "<group>"; };
		66289E312B37133E004A0F09 /* Badge.swift */ = {isa = PBXFileReference; lastKnownFileType = sourcecode.swift; path = Badge.swift; sourceTree = "<group>"; };
		66289E332B371B42004A0F09 /* hikeData.json */ = {isa = PBXFileReference; fileEncoding = 4; lastKnownFileType = text.json; path = hikeData.json; sourceTree = "<group>"; };
		66289E352B371B9B004A0F09 /* Hike.swift */ = {isa = PBXFileReference; lastKnownFileType = sourcecode.swift; path = Hike.swift; sourceTree = "<group>"; };
		66289E3A2B371C67004A0F09 /* GraphCapsule.swift */ = {isa = PBXFileReference; fileEncoding = 4; lastKnownFileType = sourcecode.swift; path = GraphCapsule.swift; sourceTree = "<group>"; };
		66289E3B2B371C67004A0F09 /* HikeGraph.swift */ = {isa = PBXFileReference; fileEncoding = 4; lastKnownFileType = sourcecode.swift; path = HikeGraph.swift; sourceTree = "<group>"; };
		66289E3C2B371C67004A0F09 /* HikeDetail.swift */ = {isa = PBXFileReference; fileEncoding = 4; lastKnownFileType = sourcecode.swift; path = HikeDetail.swift; sourceTree = "<group>"; };
		66289E3D2B371C67004A0F09 /* HikeView.swift */ = {isa = PBXFileReference; fileEncoding = 4; lastKnownFileType = sourcecode.swift; path = HikeView.swift; sourceTree = "<group>"; };
		664EAABB2B34A0530011F6EF /* Landmarks.app */ = {isa = PBXFileReference; explicitFileType = wrapper.application; includeInIndex = 0; path = Landmarks.app; sourceTree = BUILT_PRODUCTS_DIR; };
		664EAABE2B34A0530011F6EF /* LandmarksApp.swift */ = {isa = PBXFileReference; lastKnownFileType = sourcecode.swift; path = LandmarksApp.swift; sourceTree = "<group>"; };
		664EAAC02B34A0530011F6EF /* ContentView.swift */ = {isa = PBXFileReference; lastKnownFileType = sourcecode.swift; path = ContentView.swift; sourceTree = "<group>"; };
		664EAAC22B34A0540011F6EF /* Assets.xcassets */ = {isa = PBXFileReference; lastKnownFileType = folder.assetcatalog; path = Assets.xcassets; sourceTree = "<group>"; };
		664EAAC52B34A0540011F6EF /* Preview Assets.xcassets */ = {isa = PBXFileReference; lastKnownFileType = folder.assetcatalog; path = "Preview Assets.xcassets"; sourceTree = "<group>"; };
		664EAACC2B34CCCE0011F6EF /* CurcleImage.swift */ = {isa = PBXFileReference; lastKnownFileType = sourcecode.swift; path = CurcleImage.swift; sourceTree = "<group>"; };
		664EAACE2B34D8080011F6EF /* MapView.swift */ = {isa = PBXFileReference; lastKnownFileType = sourcecode.swift; path = MapView.swift; sourceTree = "<group>"; };
		66A27D2A2B386A25008F98EA /* CategoryHome.swift */ = {isa = PBXFileReference; lastKnownFileType = sourcecode.swift; path = CategoryHome.swift; sourceTree = "<group>"; };
		66A27D2C2B386F54008F98EA /* CategoryRow.swift */ = {isa = PBXFileReference; lastKnownFileType = sourcecode.swift; path = CategoryRow.swift; sourceTree = "<group>"; };
		66A27D2E2B3871A5008F98EA /* CategoryItem.swift */ = {isa = PBXFileReference; lastKnownFileType = sourcecode.swift; path = CategoryItem.swift; sourceTree = "<group>"; };
		66B65C372B356AE000B27D60 /* landmarkData.json */ = {isa = PBXFileReference; fileEncoding = 4; lastKnownFileType = text.json; path = landmarkData.json; sourceTree = "<group>"; };
		66B65C392B356B3400B27D60 /* Landmark.swift */ = {isa = PBXFileReference; lastKnownFileType = sourcecode.swift; path = Landmark.swift; sourceTree = "<group>"; };
		66B65C3B2B35704600B27D60 /* ModelData.swift */ = {isa = PBXFileReference; lastKnownFileType = sourcecode.swift; path = ModelData.swift; sourceTree = "<group>"; };
		66B65C402B35893B00B27D60 /* LandmarkRow.swift */ = {isa = PBXFileReference; lastKnownFileType = sourcecode.swift; path = LandmarkRow.swift; sourceTree = "<group>"; };
		66B65C432B35A71000B27D60 /* LandmarkList.swift */ = {isa = PBXFileReference; lastKnownFileType = sourcecode.swift; path = LandmarkList.swift; sourceTree = "<group>"; };
		66B65C452B35F3B500B27D60 /* LandmarkDetail.swift */ = {isa = PBXFileReference; lastKnownFileType = sourcecode.swift; path = LandmarkDetail.swift; sourceTree = "<group>"; };
		66B65C482B35F85000B27D60 /* TextTitle.swift */ = {isa = PBXFileReference; lastKnownFileType = sourcecode.swift; path = TextTitle.swift; sourceTree = "<group>"; };
		66B65C4A2B35F88800B27D60 /* TextSubtitle.swift */ = {isa = PBXFileReference; lastKnownFileType = sourcecode.swift; path = TextSubtitle.swift; sourceTree = "<group>"; };
		66B65C4C2B35FE8900B27D60 /* TextTitleModel.swift */ = {isa = PBXFileReference; lastKnownFileType = sourcecode.swift; path = TextTitleModel.swift; sourceTree = "<group>"; };
		66B65C4E2B36007200B27D60 /* TextSubtitleModel.swift */ = {isa = PBXFileReference; lastKnownFileType = sourcecode.swift; path = TextSubtitleModel.swift; sourceTree = "<group>"; };
/* End PBXFileReference section */

/* Begin PBXFrameworksBuildPhase section */
		664EAAB82B34A0530011F6EF /* Frameworks */ = {
			isa = PBXFrameworksBuildPhase;
			buildActionMask = 2147483647;
			files = (
			);
			runOnlyForDeploymentPostprocessing = 0;
		};
/* End PBXFrameworksBuildPhase section */

/* Begin PBXGroup section */
		66289E262B36CFD5004A0F09 /* Landmarks */ = {
			isa = PBXGroup;
			children = (
				66B65C432B35A71000B27D60 /* LandmarkList.swift */,
				66B65C402B35893B00B27D60 /* LandmarkRow.swift */,
				66B65C472B35F80000B27D60 /* LandmarkDetail */,
			);
			path = Landmarks;
			sourceTree = "<group>";
		};
		66289E272B36D015004A0F09 /* Helpers */ = {
			isa = PBXGroup;
			children = (
				66289E242B36CDE3004A0F09 /* FavoriteButton.swift */,
			);
			path = Helpers;
			sourceTree = "<group>";
		};
		66289E2A2B3702E6004A0F09 /* Badges */ = {
			isa = PBXGroup;
			children = (
				66289E312B37133E004A0F09 /* Badge.swift */,
				66289E2D2B3711B5004A0F09 /* BadgeSymbol.swift */,
				66289E2B2B37030F004A0F09 /* BadgeBackground.swift */,
				66289E2F2B3712CC004A0F09 /* RotatedBadgeSymbol.swift */,
				66289E282B36FFF0004A0F09 /* HexagonParameters.swift */,
			);
			path = Badges;
			sourceTree = "<group>";
		};
		66289E392B371C67004A0F09 /* Hikes */ = {
			isa = PBXGroup;
			children = (
				66289E3D2B371C67004A0F09 /* HikeView.swift */,
				66289E3B2B371C67004A0F09 /* HikeGraph.swift */,
				66289E3C2B371C67004A0F09 /* HikeDetail.swift */,
				66289E3A2B371C67004A0F09 /* GraphCapsule.swift */,
			);
			path = Hikes;
			sourceTree = "<group>";
		};
		664EAAB22B34A0530011F6EF = {
			isa = PBXGroup;
			children = (
				664EAABD2B34A0530011F6EF /* Landmarks */,
				664EAABC2B34A0530011F6EF /* Products */,
			);
			sourceTree = "<group>";
		};
		664EAABC2B34A0530011F6EF /* Products */ = {
			isa = PBXGroup;
			children = (
				664EAABB2B34A0530011F6EF /* Landmarks.app */,
			);
			name = Products;
			sourceTree = "<group>";
		};
		664EAABD2B34A0530011F6EF /* Landmarks */ = {
			isa = PBXGroup;
			children = (
				664EAABE2B34A0530011F6EF /* LandmarksApp.swift */,
				66B65C3D2B3575CC00B27D60 /* Views */,
				66289E2A2B3702E6004A0F09 /* Badges */,
				66B65C3E2B3575DB00B27D60 /* Models */,
				66B65C3F2B3575E700B27D60 /* Resources */,
				664EAAC42B34A0540011F6EF /* Preview Content */,
			);
			path = Landmarks;
			sourceTree = "<group>";
		};
		664EAAC42B34A0540011F6EF /* Preview Content */ = {
			isa = PBXGroup;
			children = (
				664EAAC52B34A0540011F6EF /* Preview Assets.xcassets */,
			);
			path = "Preview Content";
			sourceTree = "<group>";
		};
		66A27D292B3869FF008F98EA /* Categories */ = {
			isa = PBXGroup;
			children = (
				66A27D2A2B386A25008F98EA /* CategoryHome.swift */,
				66A27D2C2B386F54008F98EA /* CategoryRow.swift */,
				66A27D2E2B3871A5008F98EA /* CategoryItem.swift */,
			);
			path = Categories;
			sourceTree = "<group>";
		};
		66B65C3D2B3575CC00B27D60 /* Views */ = {
			isa = PBXGroup;
			children = (
				664EAAC02B34A0530011F6EF /* ContentView.swift */,
				66A27D292B3869FF008F98EA /* Categories */,
				66289E392B371C67004A0F09 /* Hikes */,
				66289E262B36CFD5004A0F09 /* Landmarks */,
				66289E272B36D015004A0F09 /* Helpers */,
			);
			path = Views;
			sourceTree = "<group>";
		};
		66B65C3E2B3575DB00B27D60 /* Models */ = {
			isa = PBXGroup;
			children = (
				66B65C392B356B3400B27D60 /* Landmark.swift */,
				66B65C3B2B35704600B27D60 /* ModelData.swift */,
				66B65C4C2B35FE8900B27D60 /* TextTitleModel.swift */,
				66B65C4E2B36007200B27D60 /* TextSubtitleModel.swift */,
				66289E352B371B9B004A0F09 /* Hike.swift */,
			);
			path = Models;
			sourceTree = "<group>";
		};
		66B65C3F2B3575E700B27D60 /* Resources */ = {
			isa = PBXGroup;
			children = (
				66289E332B371B42004A0F09 /* hikeData.json */,
				66B65C372B356AE000B27D60 /* landmarkData.json */,
				664EAAC22B34A0540011F6EF /* Assets.xcassets */,
			);
			path = Resources;
			sourceTree = "<group>";
		};
		66B65C472B35F80000B27D60 /* LandmarkDetail */ = {
			isa = PBXGroup;
			children = (
				66B65C452B35F3B500B27D60 /* LandmarkDetail.swift */,
				664EAACE2B34D8080011F6EF /* MapView.swift */,
				664EAACC2B34CCCE0011F6EF /* CurcleImage.swift */,
				66B65C482B35F85000B27D60 /* TextTitle.swift */,
				66B65C4A2B35F88800B27D60 /* TextSubtitle.swift */,
			);
			path = LandmarkDetail;
			sourceTree = "<group>";
		};
/* End PBXGroup section */

/* Begin PBXNativeTarget section */
		664EAABA2B34A0530011F6EF /* Landmarks */ = {
			isa = PBXNativeTarget;
			buildConfigurationList = 664EAAC92B34A0540011F6EF /* Build configuration list for PBXNativeTarget "Landmarks" */;
			buildPhases = (
				664EAAB72B34A0530011F6EF /* Sources */,
				664EAAB82B34A0530011F6EF /* Frameworks */,
				664EAAB92B34A0530011F6EF /* Resources */,
			);
			buildRules = (
			);
			dependencies = (
			);
			name = Landmarks;
			productName = Landmarks;
			productReference = 664EAABB2B34A0530011F6EF /* Landmarks.app */;
			productType = "com.apple.product-type.application";
		};
/* End PBXNativeTarget section */

/* Begin PBXProject section */
		664EAAB32B34A0530011F6EF /* Project object */ = {
			isa = PBXProject;
			attributes = {
				BuildIndependentTargetsInParallel = 1;
				LastSwiftUpdateCheck = 1510;
				LastUpgradeCheck = 1510;
				TargetAttributes = {
					664EAABA2B34A0530011F6EF = {
						CreatedOnToolsVersion = 15.1;
					};
				};
			};
			buildConfigurationList = 664EAAB62B34A0530011F6EF /* Build configuration list for PBXProject "Landmarks" */;
			compatibilityVersion = "Xcode 14.0";
			developmentRegion = en;
			hasScannedForEncodings = 0;
			knownRegions = (
				en,
				Base,
			);
			mainGroup = 664EAAB22B34A0530011F6EF;
			productRefGroup = 664EAABC2B34A0530011F6EF /* Products */;
			projectDirPath = "";
			projectRoot = "";
			targets = (
				664EAABA2B34A0530011F6EF /* Landmarks */,
			);
		};
/* End PBXProject section */

/* Begin PBXResourcesBuildPhase section */
		664EAAB92B34A0530011F6EF /* Resources */ = {
			isa = PBXResourcesBuildPhase;
			buildActionMask = 2147483647;
			files = (
				66289E342B371B42004A0F09 /* hikeData.json in Resources */,
				664EAAC62B34A0540011F6EF /* Preview Assets.xcassets in Resources */,
				664EAAC32B34A0540011F6EF /* Assets.xcassets in Resources */,
				66B65C382B356AE000B27D60 /* landmarkData.json in Resources */,
			);
			runOnlyForDeploymentPostprocessing = 0;
		};
/* End PBXResourcesBuildPhase section */

/* Begin PBXSourcesBuildPhase section */
		664EAAB72B34A0530011F6EF /* Sources */ = {
			isa = PBXSourcesBuildPhase;
			buildActionMask = 2147483647;
			files = (
				66289E292B36FFF0004A0F09 /* HexagonParameters.swift in Sources */,
				66289E3F2B371C67004A0F09 /* HikeGraph.swift in Sources */,
				664EAAC12B34A0530011F6EF /* ContentView.swift in Sources */,
				66B65C4F2B36007200B27D60 /* TextSubtitleModel.swift in Sources */,
				66A27D2B2B386A25008F98EA /* CategoryHome.swift in Sources */,
				66289E402B371C67004A0F09 /* HikeDetail.swift in Sources */,
				66A27D2D2B386F54008F98EA /* CategoryRow.swift in Sources */,
				66289E2C2B37030F004A0F09 /* BadgeBackground.swift in Sources */,
				664EAACF2B34D8080011F6EF /* MapView.swift in Sources */,
				664EAACD2B34CCCE0011F6EF /* CurcleImage.swift in Sources */,
				66B65C442B35A71000B27D60 /* LandmarkList.swift in Sources */,
				66289E2E2B3711B5004A0F09 /* BadgeSymbol.swift in Sources */,
				66B65C462B35F3B500B27D60 /* LandmarkDetail.swift in Sources */,
				66B65C492B35F85000B27D60 /* TextTitle.swift in Sources */,
				66289E362B371B9B004A0F09 /* Hike.swift in Sources */,
				66289E412B371C67004A0F09 /* HikeView.swift in Sources */,
				664EAABF2B34A0530011F6EF /* LandmarksApp.swift in Sources */,
				66289E302B3712CC004A0F09 /* RotatedBadgeSymbol.swift in Sources */,
				66B65C3A2B356B3400B27D60 /* Landmark.swift in Sources */,
				66B65C412B35893B00B27D60 /* LandmarkRow.swift in Sources */,
				66B65C4B2B35F88800B27D60 /* TextSubtitle.swift in Sources */,
				66289E252B36CDE3004A0F09 /* FavoriteButton.swift in Sources */,
				66B65C3C2B35704600B27D60 /* ModelData.swift in Sources */,
				66B65C4D2B35FE8900B27D60 /* TextTitleModel.swift in Sources */,
				66289E322B37133E004A0F09 /* Badge.swift in Sources */,
				66A27D2F2B3871A5008F98EA /* CategoryItem.swift in Sources */,
				66289E3E2B371C67004A0F09 /* GraphCapsule.swift in Sources */,
			);
			runOnlyForDeploymentPostprocessing = 0;
		};
/* End PBXSourcesBuildPhase section */

/* Begin XCBuildConfiguration section */
		664EAAC72B34A0540011F6EF /* Debug */ = {
			isa = XCBuildConfiguration;
			buildSettings = {
				ALWAYS_SEARCH_USER_PATHS = NO;
				ASSETCATALOG_COMPILER_GENERATE_SWIFT_ASSET_SYMBOL_EXTENSIONS = YES;
				CLANG_ANALYZER_NONNULL = YES;
				CLANG_ANALYZER_NUMBER_OBJECT_CONVERSION = YES_AGGRESSIVE;
				CLANG_CXX_LANGUAGE_STANDARD = "gnu++20";
				CLANG_ENABLE_MODULES = YES;
				CLANG_ENABLE_OBJC_ARC = YES;
				CLANG_ENABLE_OBJC_WEAK = YES;
				CLANG_WARN_BLOCK_CAPTURE_AUTORELEASING = YES;
				CLANG_WARN_BOOL_CONVERSION = YES;
				CLANG_WARN_COMMA = YES;
				CLANG_WARN_CONSTANT_CONVERSION = YES;
				CLANG_WARN_DEPRECATED_OBJC_IMPLEMENTATIONS = YES;
				CLANG_WARN_DIRECT_OBJC_ISA_USAGE = YES_ERROR;
				CLANG_WARN_DOCUMENTATION_COMMENTS = YES;
				CLANG_WARN_EMPTY_BODY = YES;
				CLANG_WARN_ENUM_CONVERSION = YES;
				CLANG_WARN_INFINITE_RECURSION = YES;
				CLANG_WARN_INT_CONVERSION = YES;
				CLANG_WARN_NON_LITERAL_NULL_CONVERSION = YES;
				CLANG_WARN_OBJC_IMPLICIT_RETAIN_SELF = YES;
				CLANG_WARN_OBJC_LITERAL_CONVERSION = YES;
				CLANG_WARN_OBJC_ROOT_CLASS = YES_ERROR;
				CLANG_WARN_QUOTED_INCLUDE_IN_FRAMEWORK_HEADER = YES;
				CLANG_WARN_RANGE_LOOP_ANALYSIS = YES;
				CLANG_WARN_STRICT_PROTOTYPES = YES;
				CLANG_WARN_SUSPICIOUS_MOVE = YES;
				CLANG_WARN_UNGUARDED_AVAILABILITY = YES_AGGRESSIVE;
				CLANG_WARN_UNREACHABLE_CODE = YES;
				CLANG_WARN__DUPLICATE_METHOD_MATCH = YES;
				COPY_PHASE_STRIP = NO;
				DEBUG_INFORMATION_FORMAT = dwarf;
				ENABLE_STRICT_OBJC_MSGSEND = YES;
				ENABLE_TESTABILITY = YES;
				ENABLE_USER_SCRIPT_SANDBOXING = YES;
				GCC_C_LANGUAGE_STANDARD = gnu17;
				GCC_DYNAMIC_NO_PIC = NO;
				GCC_NO_COMMON_BLOCKS = YES;
				GCC_OPTIMIZATION_LEVEL = 0;
				GCC_PREPROCESSOR_DEFINITIONS = (
					"DEBUG=1",
					"$(inherited)",
				);
				GCC_WARN_64_TO_32_BIT_CONVERSION = YES;
				GCC_WARN_ABOUT_RETURN_TYPE = YES_ERROR;
				GCC_WARN_UNDECLARED_SELECTOR = YES;
				GCC_WARN_UNINITIALIZED_AUTOS = YES_AGGRESSIVE;
				GCC_WARN_UNUSED_FUNCTION = YES;
				GCC_WARN_UNUSED_VARIABLE = YES;
				IPHONEOS_DEPLOYMENT_TARGET = 17.2;
				LOCALIZATION_PREFERS_STRING_CATALOGS = YES;
				MTL_ENABLE_DEBUG_INFO = INCLUDE_SOURCE;
				MTL_FAST_MATH = YES;
				ONLY_ACTIVE_ARCH = YES;
				SDKROOT = iphoneos;
				SWIFT_ACTIVE_COMPILATION_CONDITIONS = "DEBUG $(inherited)";
				SWIFT_OPTIMIZATION_LEVEL = "-Onone";
			};
			name = Debug;
		};
		664EAAC82B34A0540011F6EF /* Release */ = {
			isa = XCBuildConfiguration;
			buildSettings = {
				ALWAYS_SEARCH_USER_PATHS = NO;
				ASSETCATALOG_COMPILER_GENERATE_SWIFT_ASSET_SYMBOL_EXTENSIONS = YES;
				CLANG_ANALYZER_NONNULL = YES;
				CLANG_ANALYZER_NUMBER_OBJECT_CONVERSION = YES_AGGRESSIVE;
				CLANG_CXX_LANGUAGE_STANDARD = "gnu++20";
				CLANG_ENABLE_MODULES = YES;
				CLANG_ENABLE_OBJC_ARC = YES;
				CLANG_ENABLE_OBJC_WEAK = YES;
				CLANG_WARN_BLOCK_CAPTURE_AUTORELEASING = YES;
				CLANG_WARN_BOOL_CONVERSION = YES;
				CLANG_WARN_COMMA = YES;
				CLANG_WARN_CONSTANT_CONVERSION = YES;
				CLANG_WARN_DEPRECATED_OBJC_IMPLEMENTATIONS = YES;
				CLANG_WARN_DIRECT_OBJC_ISA_USAGE = YES_ERROR;
				CLANG_WARN_DOCUMENTATION_COMMENTS = YES;
				CLANG_WARN_EMPTY_BODY = YES;
				CLANG_WARN_ENUM_CONVERSION = YES;
				CLANG_WARN_INFINITE_RECURSION = YES;
				CLANG_WARN_INT_CONVERSION = YES;
				CLANG_WARN_NON_LITERAL_NULL_CONVERSION = YES;
				CLANG_WARN_OBJC_IMPLICIT_RETAIN_SELF = YES;
				CLANG_WARN_OBJC_LITERAL_CONVERSION = YES;
				CLANG_WARN_OBJC_ROOT_CLASS = YES_ERROR;
				CLANG_WARN_QUOTED_INCLUDE_IN_FRAMEWORK_HEADER = YES;
				CLANG_WARN_RANGE_LOOP_ANALYSIS = YES;
				CLANG_WARN_STRICT_PROTOTYPES = YES;
				CLANG_WARN_SUSPICIOUS_MOVE = YES;
				CLANG_WARN_UNGUARDED_AVAILABILITY = YES_AGGRESSIVE;
				CLANG_WARN_UNREACHABLE_CODE = YES;
				CLANG_WARN__DUPLICATE_METHOD_MATCH = YES;
				COPY_PHASE_STRIP = NO;
				DEBUG_INFORMATION_FORMAT = "dwarf-with-dsym";
				ENABLE_NS_ASSERTIONS = NO;
				ENABLE_STRICT_OBJC_MSGSEND = YES;
				ENABLE_USER_SCRIPT_SANDBOXING = YES;
				GCC_C_LANGUAGE_STANDARD = gnu17;
				GCC_NO_COMMON_BLOCKS = YES;
				GCC_WARN_64_TO_32_BIT_CONVERSION = YES;
				GCC_WARN_ABOUT_RETURN_TYPE = YES_ERROR;
				GCC_WARN_UNDECLARED_SELECTOR = YES;
				GCC_WARN_UNINITIALIZED_AUTOS = YES_AGGRESSIVE;
				GCC_WARN_UNUSED_FUNCTION = YES;
				GCC_WARN_UNUSED_VARIABLE = YES;
				IPHONEOS_DEPLOYMENT_TARGET = 17.2;
				LOCALIZATION_PREFERS_STRING_CATALOGS = YES;
				MTL_ENABLE_DEBUG_INFO = NO;
				MTL_FAST_MATH = YES;
				SDKROOT = iphoneos;
				SWIFT_COMPILATION_MODE = wholemodule;
				VALIDATE_PRODUCT = YES;
			};
			name = Release;
		};
		664EAACA2B34A0540011F6EF /* Debug */ = {
			isa = XCBuildConfiguration;
			buildSettings = {
				ASSETCATALOG_COMPILER_APPICON_NAME = AppIcon;
				ASSETCATALOG_COMPILER_GLOBAL_ACCENT_COLOR_NAME = AccentColor;
				CODE_SIGN_STYLE = Automatic;
				CURRENT_PROJECT_VERSION = 1;
				DEVELOPMENT_ASSET_PATHS = "\"Landmarks/Preview Content\"";
				DEVELOPMENT_TEAM = WK3Q2J5S3B;
				ENABLE_PREVIEWS = YES;
				GENERATE_INFOPLIST_FILE = YES;
				INFOPLIST_KEY_UIApplicationSceneManifest_Generation = YES;
				INFOPLIST_KEY_UIApplicationSupportsIndirectInputEvents = YES;
				INFOPLIST_KEY_UILaunchScreen_Generation = YES;
				INFOPLIST_KEY_UISupportedInterfaceOrientations_iPad = "UIInterfaceOrientationPortrait UIInterfaceOrientationPortraitUpsideDown UIInterfaceOrientationLandscapeLeft UIInterfaceOrientationLandscapeRight";
				INFOPLIST_KEY_UISupportedInterfaceOrientations_iPhone = "UIInterfaceOrientationPortrait UIInterfaceOrientationLandscapeLeft UIInterfaceOrientationLandscapeRight";
				LD_RUNPATH_SEARCH_PATHS = (
					"$(inherited)",
					"@executable_path/Frameworks",
				);
				MARKETING_VERSION = 1.0;
				PRODUCT_BUNDLE_IDENTIFIER = adamWestCost.Landmarks;
				PRODUCT_NAME = "$(TARGET_NAME)";
				SWIFT_EMIT_LOC_STRINGS = YES;
				SWIFT_VERSION = 5.0;
				TARGETED_DEVICE_FAMILY = "1,2";
			};
			name = Debug;
		};
		664EAACB2B34A0540011F6EF /* Release */ = {
			isa = XCBuildConfiguration;
			buildSettings = {
				ASSETCATALOG_COMPILER_APPICON_NAME = AppIcon;
				ASSETCATALOG_COMPILER_GLOBAL_ACCENT_COLOR_NAME = AccentColor;
				CODE_SIGN_STYLE = Automatic;
				CURRENT_PROJECT_VERSION = 1;
				DEVELOPMENT_ASSET_PATHS = "\"Landmarks/Preview Content\"";
				DEVELOPMENT_TEAM = WK3Q2J5S3B;
				ENABLE_PREVIEWS = YES;
				GENERATE_INFOPLIST_FILE = YES;
				INFOPLIST_KEY_UIApplicationSceneManifest_Generation = YES;
				INFOPLIST_KEY_UIApplicationSupportsIndirectInputEvents = YES;
				INFOPLIST_KEY_UILaunchScreen_Generation = YES;
				INFOPLIST_KEY_UISupportedInterfaceOrientations_iPad = "UIInterfaceOrientationPortrait UIInterfaceOrientationPortraitUpsideDown UIInterfaceOrientationLandscapeLeft UIInterfaceOrientationLandscapeRight";
				INFOPLIST_KEY_UISupportedInterfaceOrientations_iPhone = "UIInterfaceOrientationPortrait UIInterfaceOrientationLandscapeLeft UIInterfaceOrientationLandscapeRight";
				LD_RUNPATH_SEARCH_PATHS = (
					"$(inherited)",
					"@executable_path/Frameworks",
				);
				MARKETING_VERSION = 1.0;
				PRODUCT_BUNDLE_IDENTIFIER = adamWestCost.Landmarks;
				PRODUCT_NAME = "$(TARGET_NAME)";
				SWIFT_EMIT_LOC_STRINGS = YES;
				SWIFT_VERSION = 5.0;
				TARGETED_DEVICE_FAMILY = "1,2";
			};
			name = Release;
		};
/* End XCBuildConfiguration section */

/* Begin XCConfigurationList section */
		664EAAB62B34A0530011F6EF /* Build configuration list for PBXProject "Landmarks" */ = {
			isa = XCConfigurationList;
			buildConfigurations = (
				664EAAC72B34A0540011F6EF /* Debug */,
				664EAAC82B34A0540011F6EF /* Release */,
			);
			defaultConfigurationIsVisible = 0;
			defaultConfigurationName = Release;
		};
		664EAAC92B34A0540011F6EF /* Build configuration list for PBXNativeTarget "Landmarks" */ = {
			isa = XCConfigurationList;
			buildConfigurations = (
				664EAACA2B34A0540011F6EF /* Debug */,
				664EAACB2B34A0540011F6EF /* Release */,
			);
			defaultConfigurationIsVisible = 0;
			defaultConfigurationName = Release;
		};
/* End XCConfigurationList section */
	};
	rootObject = 664EAAB32B34A0530011F6EF /* Project object */;
}
